
Microsoft Visual Studio Solution File, Format Version 12.00
# Visual Studio 15
VisualStudioVersion = 15.0.26730.12
MinimumVisualStudioVersion = 10.0.40219.1
Project("{FAE04EC0-301F-11D3-BF4B-00C04F79EFBC}") = "PHPSRePS", "PHPSRePS\PHPSRePS.csproj", "{44E08467-1455-4D5A-9579-F6CBC9080B79}"
EndProject
Global
	GlobalSection(SolutionConfigurationPlatforms) = preSolution
		Debug|Any CPU = Debug|Any CPU
		Release|Any CPU = Release|Any CPU
	EndGlobalSection
	GlobalSection(ProjectConfigurationPlatforms) = postSolution
		{44E08467-1455-4D5A-9579-F6CBC9080B79}.Debug|Any CPU.ActiveCfg = Debug|Any CPU
		{44E08467-1455-4D5A-9579-F6CBC9080B79}.Debug|Any CPU.Build.0 = Debug|Any CPU
		{44E08467-1455-4D5A-9579-F6CBC9080B79}.Release|Any CPU.ActiveCfg = Release|Any CPU
		{44E08467-1455-4D5A-9579-F6CBC9080B79}.Release|Any CPU.Build.0 = Release|Any CPU
	EndGlobalSection
	GlobalSection(SolutionProperties) = preSolution
		HideSolutionNode = FALSE
	EndGlobalSection
	GlobalSection(ExtensibilityGlobals) = postSolution
		SolutionGuid = {6F4F2E3D-F1F2-473C-9418-75C53EB46E22}
	EndGlobalSection
EndGlobal
